
Microsoft Visual Studio Solution File, Format Version 12.00
# Visual Studio Version 16
VisualStudioVersion = 16.0.31229.75
MinimumVisualStudioVersion = 10.0.40219.1
Project("{9A19103F-16F7-4668-BE54-9A1E7A4F7556}") = "EDevletSample", "EDevletSample\EDevletSample.csproj", "{FA1D291B-6243-4A7B-BCF7-B0790682EE3E}"
EndProject
Project("{FAE04EC0-301F-11D3-BF4B-00C04F79EFBC}") = "EDevlet.Document.Common", "EDevlet.Document.Common\EDevlet.Document.Common.csproj", "{967B50D8-C0E6-4DC0-A265-32A328834344}"
EndProject
Project("{FAE04EC0-301F-11D3-BF4B-00C04F79EFBC}") = "EDevlet.DokumentCreator", "EDevlet.DokumentCreator\EDevlet.DokumentCreator.csproj", "{508C38BF-C62F-4DC1-9BFB-C4C8F5DC28A0}"
EndProject
Global
	GlobalSection(SolutionConfigurationPlatforms) = preSolution
		Debug|Any CPU = Debug|Any CPU
		Release|Any CPU = Release|Any CPU
	EndGlobalSection
	GlobalSection(ProjectConfigurationPlatforms) = postSolution
		{FA1D291B-6243-4A7B-BCF7-B0790682EE3E}.Debug|Any CPU.ActiveCfg = Debug|Any CPU
		{FA1D291B-6243-4A7B-BCF7-B0790682EE3E}.Debug|Any CPU.Build.0 = Debug|Any CPU
		{FA1D291B-6243-4A7B-BCF7-B0790682EE3E}.Release|Any CPU.ActiveCfg = Release|Any CPU
		{FA1D291B-6243-4A7B-BCF7-B0790682EE3E}.Release|Any CPU.Build.0 = Release|Any CPU
		{967B50D8-C0E6-4DC0-A265-32A328834344}.Debug|Any CPU.ActiveCfg = Debug|Any CPU
		{967B50D8-C0E6-4DC0-A265-32A328834344}.Debug|Any CPU.Build.0 = Debug|Any CPU
		{967B50D8-C0E6-4DC0-A265-32A328834344}.Release|Any CPU.ActiveCfg = Release|Any CPU
		{967B50D8-C0E6-4DC0-A265-32A328834344}.Release|Any CPU.Build.0 = Release|Any CPU
		{508C38BF-C62F-4DC1-9BFB-C4C8F5DC28A0}.Debug|Any CPU.ActiveCfg = Debug|Any CPU
		{508C38BF-C62F-4DC1-9BFB-C4C8F5DC28A0}.Debug|Any CPU.Build.0 = Debug|Any CPU
		{508C38BF-C62F-4DC1-9BFB-C4C8F5DC28A0}.Release|Any CPU.ActiveCfg = Release|Any CPU
		{508C38BF-C62F-4DC1-9BFB-C4C8F5DC28A0}.Release|Any CPU.Build.0 = Release|Any CPU
	EndGlobalSection
	GlobalSection(SolutionProperties) = preSolution
		HideSolutionNode = FALSE
	EndGlobalSection
	GlobalSection(ExtensibilityGlobals) = postSolution
		SolutionGuid = {46F4A3BD-F79A-41D2-B418-BB660AB514CF}
	EndGlobalSection
EndGlobal
